
Microsoft Visual Studio Solution File, Format Version 12.00
# Visual Studio 15
Project("{FAE04EC0-301F-11D3-BF4B-00C04F79EFBC}") = "Assembly-CSharp", "Assembly-CSharp.csproj", "{2DEA18B2-7A81-3798-9B5D-C1F5F938A22C}"
EndProject
Global
	GlobalSection(SolutionConfigurationPlatforms) = preSolution
		Debug|Any CPU = Debug|Any CPU
		Release|Any CPU = Release|Any CPU
	EndGlobalSection
	GlobalSection(ProjectConfigurationPlatforms) = postSolution
		{2DEA18B2-7A81-3798-9B5D-C1F5F938A22C}.Debug|Any CPU.ActiveCfg = Debug|Any CPU
		{2DEA18B2-7A81-3798-9B5D-C1F5F938A22C}.Debug|Any CPU.Build.0 = Debug|Any CPU
		{2DEA18B2-7A81-3798-9B5D-C1F5F938A22C}.Release|Any CPU.ActiveCfg = Release|Any CPU
		{2DEA18B2-7A81-3798-9B5D-C1F5F938A22C}.Release|Any CPU.Build.0 = Release|Any CPU
	EndGlobalSection
	GlobalSection(SolutionProperties) = preSolution
		HideSolutionNode = FALSE
	EndGlobalSection
	GlobalSection(MonoDevelopProperties) = preSolution
		StartupItem = Assembly-CSharp.csproj
	EndGlobalSection
EndGlobal
